
Microsoft Visual Studio Solution File, Format Version 12.00
# Visual Studio Version 17
VisualStudioVersion = 17.7.34009.444
MinimumVisualStudioVersion = 10.0.40219.1
Project("{FAE04EC0-301F-11D3-BF4B-00C04F79EFBC}") = "TestBaiTapLonWinform2", "TestBaiTapLonWinform2.csproj", "{E8385882-E8D5-4647-A31F-34DF2236FDFC}"
EndProject
Global
	GlobalSection(SolutionConfigurationPlatforms) = preSolution
		Debug|Any CPU = Debug|Any CPU
		Release|Any CPU = Release|Any CPU
	EndGlobalSection
	GlobalSection(ProjectConfigurationPlatforms) = postSolution
		{E8385882-E8D5-4647-A31F-34DF2236FDFC}.Debug|Any CPU.ActiveCfg = Debug|Any CPU
		{E8385882-E8D5-4647-A31F-34DF2236FDFC}.Debug|Any CPU.Build.0 = Debug|Any CPU
		{E8385882-E8D5-4647-A31F-34DF2236FDFC}.Release|Any CPU.ActiveCfg = Release|Any CPU
		{E8385882-E8D5-4647-A31F-34DF2236FDFC}.Release|Any CPU.Build.0 = Release|Any CPU
	EndGlobalSection
	GlobalSection(SolutionProperties) = preSolution
		HideSolutionNode = FALSE
	EndGlobalSection
	GlobalSection(ExtensibilityGlobals) = postSolution
		SolutionGuid = {32E2B921-A7F2-4520-84BF-066D8753116D}
	EndGlobalSection
EndGlobal
